// !$*UTF8*$!
{
	archiveVersion = 1;
	classes = {
	};
	objectVersion = 50;
	objects = {

/* Begin PBXBuildFile section */
		7D4F9CC0255EE69400DD7758 /* AppDelegate.swift in Sources */ = {isa = PBXBuildFile; fileRef = 7D4F9CBF255EE69400DD7758 /* AppDelegate.swift */; };
		7D4F9CC2255EE69400DD7758 /* SceneDelegate.swift in Sources */ = {isa = PBXBuildFile; fileRef = 7D4F9CC1255EE69400DD7758 /* SceneDelegate.swift */; };
		7D4F9CC4255EE69400DD7758 /* ViewController.swift in Sources */ = {isa = PBXBuildFile; fileRef = 7D4F9CC3255EE69400DD7758 /* ViewController.swift */; };
		7D4F9CC7255EE69400DD7758 /* Main.storyboard in Resources */ = {isa = PBXBuildFile; fileRef = 7D4F9CC5255EE69400DD7758 /* Main.storyboard */; };
		7D4F9CC9255EE69600DD7758 /* Assets.xcassets in Resources */ = {isa = PBXBuildFile; fileRef = 7D4F9CC8255EE69600DD7758 /* Assets.xcassets */; };
		7D4F9CCC255EE69600DD7758 /* LaunchScreen.storyboard in Resources */ = {isa = PBXBuildFile; fileRef = 7D4F9CCA255EE69600DD7758 /* LaunchScreen.storyboard */; };
		7D4F9CD5255EF47100DD7758 /* ToDoList.swift in Sources */ = {isa = PBXBuildFile; fileRef = 7D4F9CD4255EF47100DD7758 /* ToDoList.swift */; };
		7D53B11A25AF394C008DAE30 /* ToDoListenerImpl.swift in Sources */ = {isa = PBXBuildFile; fileRef = 7D53B11925AF394C008DAE30 /* ToDoListenerImpl.swift */; };
		7D53B12725AF56C4008DAE30 /* Localizable.strings in Resources */ = {isa = PBXBuildFile; fileRef = 7D53B12925AF56C4008DAE30 /* Localizable.strings */; };
		7D53B12C25AF577D008DAE30 /* Extensions.swift in Sources */ = {isa = PBXBuildFile; fileRef = 7D53B12B25AF577D008DAE30 /* Extensions.swift */; };
		7DB7FC382562A9D2007CFFCF /* ToDoItem.swift in Sources */ = {isa = PBXBuildFile; fileRef = 7DB7FC372562A9D2007CFFCF /* ToDoItem.swift */; };
/* End PBXBuildFile section */

/* Begin PBXFileReference section */
		7D4F9CBC255EE69400DD7758 /* To Do.app */ = {isa = PBXFileReference; explicitFileType = wrapper.application; includeInIndex = 0; path = "To Do.app"; sourceTree = BUILT_PRODUCTS_DIR; };
		7D4F9CBF255EE69400DD7758 /* AppDelegate.swift */ = {isa = PBXFileReference; lastKnownFileType = sourcecode.swift; path = AppDelegate.swift; sourceTree = "<group>"; };
		7D4F9CC1255EE69400DD7758 /* SceneDelegate.swift */ = {isa = PBXFileReference; lastKnownFileType = sourcecode.swift; path = SceneDelegate.swift; sourceTree = "<group>"; };
		7D4F9CC3255EE69400DD7758 /* ViewController.swift */ = {isa = PBXFileReference; lastKnownFileType = sourcecode.swift; path = ViewController.swift; sourceTree = "<group>"; };
		7D4F9CC6255EE69400DD7758 /* Base */ = {isa = PBXFileReference; lastKnownFileType = file.storyboard; name = Base; path = Base.lproj/Main.storyboard; sourceTree = "<group>"; };
		7D4F9CC8255EE69600DD7758 /* Assets.xcassets */ = {isa = PBXFileReference; lastKnownFileType = folder.assetcatalog; path = Assets.xcassets; sourceTree = "<group>"; };
		7D4F9CCB255EE69600DD7758 /* Base */ = {isa = PBXFileReference; lastKnownFileType = file.storyboard; name = Base; path = Base.lproj/LaunchScreen.storyboard; sourceTree = "<group>"; };
		7D4F9CCD255EE69600DD7758 /* Info.plist */ = {isa = PBXFileReference; lastKnownFileType = text.plist.xml; path = Info.plist; sourceTree = "<group>"; };
		7D4F9CD4255EF47100DD7758 /* ToDoList.swift */ = {isa = PBXFileReference; lastKnownFileType = sourcecode.swift; path = ToDoList.swift; sourceTree = "<group>"; };
		7D53B11925AF394C008DAE30 /* ToDoListenerImpl.swift */ = {isa = PBXFileReference; lastKnownFileType = sourcecode.swift; path = ToDoListenerImpl.swift; sourceTree = "<group>"; };
		7D53B12825AF56C4008DAE30 /* en */ = {isa = PBXFileReference; lastKnownFileType = text.plist.strings; name = en; path = en.lproj/Localizable.strings; sourceTree = "<group>"; };
		7D53B12B25AF577D008DAE30 /* Extensions.swift */ = {isa = PBXFileReference; lastKnownFileType = sourcecode.swift; path = Extensions.swift; sourceTree = "<group>"; };
		7DB7FC372562A9D2007CFFCF /* ToDoItem.swift */ = {isa = PBXFileReference; lastKnownFileType = sourcecode.swift; path = ToDoItem.swift; sourceTree = "<group>"; };
/* End PBXFileReference section */

/* Begin PBXFrameworksBuildPhase section */
		7D4F9CB9255EE69400DD7758 /* Frameworks */ = {
			isa = PBXFrameworksBuildPhase;
			buildActionMask = 2147483647;
			files = (
			);
			runOnlyForDeploymentPostprocessing = 0;
		};
/* End PBXFrameworksBuildPhase section */

/* Begin PBXGroup section */
		7D4F9CB3255EE69400DD7758 = {
			isa = PBXGroup;
			children = (
				7D4F9CBE255EE69400DD7758 /* To Do */,
				7D4F9CBD255EE69400DD7758 /* Products */,
			);
			sourceTree = "<group>";
		};
		7D4F9CBD255EE69400DD7758 /* Products */ = {
			isa = PBXGroup;
			children = (
				7D4F9CBC255EE69400DD7758 /* To Do.app */,
			);
			name = Products;
			sourceTree = "<group>";
		};
		7D4F9CBE255EE69400DD7758 /* To Do */ = {
			isa = PBXGroup;
			children = (
				7D4F9CBF255EE69400DD7758 /* AppDelegate.swift */,
				7D4F9CC1255EE69400DD7758 /* SceneDelegate.swift */,
				7D4F9CC3255EE69400DD7758 /* ViewController.swift */,
				7D4F9CC5255EE69400DD7758 /* Main.storyboard */,
				7D4F9CC8255EE69600DD7758 /* Assets.xcassets */,
				7D4F9CCA255EE69600DD7758 /* LaunchScreen.storyboard */,
				7D4F9CCD255EE69600DD7758 /* Info.plist */,
				7D4F9CD4255EF47100DD7758 /* ToDoList.swift */,
				7DB7FC372562A9D2007CFFCF /* ToDoItem.swift */,
				7D53B11925AF394C008DAE30 /* ToDoListenerImpl.swift */,
				7D53B12925AF56C4008DAE30 /* Localizable.strings */,
				7D53B12B25AF577D008DAE30 /* Extensions.swift */,
			);
			path = "To Do";
			sourceTree = "<group>";
		};
/* End PBXGroup section */

/* Begin PBXNativeTarget section */
		7D4F9CBB255EE69400DD7758 /* To Do */ = {
			isa = PBXNativeTarget;
			buildConfigurationList = 7D4F9CD0255EE69600DD7758 /* Build configuration list for PBXNativeTarget "To Do" */;
			buildPhases = (
				7D4F9CB8255EE69400DD7758 /* Sources */,
				7D4F9CB9255EE69400DD7758 /* Frameworks */,
				7D4F9CBA255EE69400DD7758 /* Resources */,
			);
			buildRules = (
			);
			dependencies = (
			);
			name = "To Do";
			productName = "To Do";
			productReference = 7D4F9CBC255EE69400DD7758 /* To Do.app */;
			productType = "com.apple.product-type.application";
		};
/* End PBXNativeTarget section */

/* Begin PBXProject section */
		7D4F9CB4255EE69400DD7758 /* Project object */ = {
			isa = PBXProject;
			attributes = {
				LastSwiftUpdateCheck = 1220;
				LastUpgradeCheck = 1220;
				TargetAttributes = {
					7D4F9CBB255EE69400DD7758 = {
						CreatedOnToolsVersion = 12.2;
					};
				};
			};
			buildConfigurationList = 7D4F9CB7255EE69400DD7758 /* Build configuration list for PBXProject "To Do" */;
			compatibilityVersion = "Xcode 9.3";
			developmentRegion = en;
			hasScannedForEncodings = 0;
			knownRegions = (
				en,
				Base,
			);
			mainGroup = 7D4F9CB3255EE69400DD7758;
			productRefGroup = 7D4F9CBD255EE69400DD7758 /* Products */;
			projectDirPath = "";
			projectRoot = "";
			targets = (
				7D4F9CBB255EE69400DD7758 /* To Do */,
			);
		};
/* End PBXProject section */

/* Begin PBXResourcesBuildPhase section */
		7D4F9CBA255EE69400DD7758 /* Resources */ = {
			isa = PBXResourcesBuildPhase;
			buildActionMask = 2147483647;
			files = (
				7D4F9CCC255EE69600DD7758 /* LaunchScreen.storyboard in Resources */,
				7D53B12725AF56C4008DAE30 /* Localizable.strings in Resources */,
				7D4F9CC9255EE69600DD7758 /* Assets.xcassets in Resources */,
				7D4F9CC7255EE69400DD7758 /* Main.storyboard in Resources */,
			);
			runOnlyForDeploymentPostprocessing = 0;
		};
/* End PBXResourcesBuildPhase section */

/* Begin PBXSourcesBuildPhase section */
		7D4F9CB8255EE69400DD7758 /* Sources */ = {
			isa = PBXSourcesBuildPhase;
			buildActionMask = 2147483647;
			files = (
				7D4F9CC4255EE69400DD7758 /* ViewController.swift in Sources */,
				7D4F9CC0255EE69400DD7758 /* AppDelegate.swift in Sources */,
				7DB7FC382562A9D2007CFFCF /* ToDoItem.swift in Sources */,
				7D4F9CC2255EE69400DD7758 /* SceneDelegate.swift in Sources */,
				7D4F9CD5255EF47100DD7758 /* ToDoList.swift in Sources */,
				7D53B11A25AF394C008DAE30 /* ToDoListenerImpl.swift in Sources */,
				7D53B12C25AF577D008DAE30 /* Extensions.swift in Sources */,
			);
			runOnlyForDeploymentPostprocessing = 0;
		};
/* End PBXSourcesBuildPhase section */

/* Begin PBXVariantGroup section */
		7D4F9CC5255EE69400DD7758 /* Main.storyboard */ = {
			isa = PBXVariantGroup;
			children = (
				7D4F9CC6255EE69400DD7758 /* Base */,
			);
			name = Main.storyboard;
			sourceTree = "<group>";
		};
		7D4F9CCA255EE69600DD7758 /* LaunchScreen.storyboard */ = {
			isa = PBXVariantGroup;
			children = (
				7D4F9CCB255EE69600DD7758 /* Base */,
			);
			name = LaunchScreen.storyboard;
			sourceTree = "<group>";
		};
		7D53B12925AF56C4008DAE30 /* Localizable.strings */ = {
			isa = PBXVariantGroup;
			children = (
				7D53B12825AF56C4008DAE30 /* en */,
			);
			name = Localizable.strings;
			sourceTree = "<group>";
		};
/* End PBXVariantGroup section */

/* Begin XCBuildConfiguration section */
		7D4F9CCE255EE69600DD7758 /* Debug */ = {
			isa = XCBuildConfiguration;
			buildSettings = {
				ALWAYS_SEARCH_USER_PATHS = NO;
				CLANG_ANALYZER_NONNULL = YES;
				CLANG_ANALYZER_NUMBER_OBJECT_CONVERSION = YES_AGGRESSIVE;
				CLANG_CXX_LANGUAGE_STANDARD = "gnu++14";
				CLANG_CXX_LIBRARY = "libc++";
				CLANG_ENABLE_MODULES = YES;
				CLANG_ENABLE_OBJC_ARC = YES;
				CLANG_ENABLE_OBJC_WEAK = YES;
				CLANG_WARN_BLOCK_CAPTURE_AUTORELEASING = YES;
				CLANG_WARN_BOOL_CONVERSION = YES;
				CLANG_WARN_COMMA = YES;
				CLANG_WARN_CONSTANT_CONVERSION = YES;
				CLANG_WARN_DEPRECATED_OBJC_IMPLEMENTATIONS = YES;
				CLANG_WARN_DIRECT_OBJC_ISA_USAGE = YES_ERROR;
				CLANG_WARN_DOCUMENTATION_COMMENTS = YES;
				CLANG_WARN_EMPTY_BODY = YES;
				CLANG_WARN_ENUM_CONVERSION = YES;
				CLANG_WARN_INFINITE_RECURSION = YES;
				CLANG_WARN_INT_CONVERSION = YES;
				CLANG_WARN_NON_LITERAL_NULL_CONVERSION = YES;
				CLANG_WARN_OBJC_IMPLICIT_RETAIN_SELF = YES;
				CLANG_WARN_OBJC_LITERAL_CONVERSION = YES;
				CLANG_WARN_OBJC_ROOT_CLASS = YES_ERROR;
				CLANG_WARN_QUOTED_INCLUDE_IN_FRAMEWORK_HEADER = YES;
				CLANG_WARN_RANGE_LOOP_ANALYSIS = YES;
				CLANG_WARN_STRICT_PROTOTYPES = YES;
				CLANG_WARN_SUSPICIOUS_MOVE = YES;
				CLANG_WARN_UNGUARDED_AVAILABILITY = YES_AGGRESSIVE;
				CLANG_WARN_UNREACHABLE_CODE = YES;
				CLANG_WARN__DUPLICATE_METHOD_MATCH = YES;
				COPY_PHASE_STRIP = NO;
				DEBUG_INFORMATION_FORMAT = dwarf;
				ENABLE_STRICT_OBJC_MSGSEND = YES;
				ENABLE_TESTABILITY = YES;
				GCC_C_LANGUAGE_STANDARD = gnu11;
				GCC_DYNAMIC_NO_PIC = NO;
				GCC_NO_COMMON_BLOCKS = YES;
				GCC_OPTIMIZATION_LEVEL = 0;
				GCC_PREPROCESSOR_DEFINITIONS = (
					"DEBUG=1",
					"$(inherited)",
				);
				GCC_WARN_64_TO_32_BIT_CONVERSION = YES;
				GCC_WARN_ABOUT_RETURN_TYPE = YES_ERROR;
				GCC_WARN_UNDECLARED_SELECTOR = YES;
				GCC_WARN_UNINITIALIZED_AUTOS = YES_AGGRESSIVE;
				GCC_WARN_UNUSED_FUNCTION = YES;
				GCC_WARN_UNUSED_VARIABLE = YES;
				IPHONEOS_DEPLOYMENT_TARGET = 14.2;
				MTL_ENABLE_DEBUG_INFO = INCLUDE_SOURCE;
				MTL_FAST_MATH = YES;
				ONLY_ACTIVE_ARCH = YES;
				SDKROOT = iphoneos;
				SWIFT_ACTIVE_COMPILATION_CONDITIONS = DEBUG;
				SWIFT_OPTIMIZATION_LEVEL = "-Onone";
			};
			name = Debug;
		};
		7D4F9CCF255EE69600DD7758 /* Release */ = {
			isa = XCBuildConfiguration;
			buildSettings = {
				ALWAYS_SEARCH_USER_PATHS = NO;
				CLANG_ANALYZER_NONNULL = YES;
				CLANG_ANALYZER_NUMBER_OBJECT_CONVERSION = YES_AGGRESSIVE;
				CLANG_CXX_LANGUAGE_STANDARD = "gnu++14";
				CLANG_CXX_LIBRARY = "libc++";
				CLANG_ENABLE_MODULES = YES;
				CLANG_ENABLE_OBJC_ARC = YES;
				CLANG_ENABLE_OBJC_WEAK = YES;
				CLANG_WARN_BLOCK_CAPTURE_AUTORELEASING = YES;
				CLANG_WARN_BOOL_CONVERSION = YES;
				CLANG_WARN_COMMA = YES;
				CLANG_WARN_CONSTANT_CONVERSION = YES;
				CLANG_WARN_DEPRECATED_OBJC_IMPLEMENTATIONS = YES;
				CLANG_WARN_DIRECT_OBJC_ISA_USAGE = YES_ERROR;
				CLANG_WARN_DOCUMENTATION_COMMENTS = YES;
				CLANG_WARN_EMPTY_BODY = YES;
				CLANG_WARN_ENUM_CONVERSION = YES;
				CLANG_WARN_INFINITE_RECURSION = YES;
				CLANG_WARN_INT_CONVERSION = YES;
				CLANG_WARN_NON_LITERAL_NULL_CONVERSION = YES;
				CLANG_WARN_OBJC_IMPLICIT_RETAIN_SELF = YES;
				CLANG_WARN_OBJC_LITERAL_CONVERSION = YES;
				CLANG_WARN_OBJC_ROOT_CLASS = YES_ERROR;
				CLANG_WARN_QUOTED_INCLUDE_IN_FRAMEWORK_HEADER = YES;
				CLANG_WARN_RANGE_LOOP_ANALYSIS = YES;
				CLANG_WARN_STRICT_PROTOTYPES = YES;
				CLANG_WARN_SUSPICIOUS_MOVE = YES;
				CLANG_WARN_UNGUARDED_AVAILABILITY = YES_AGGRESSIVE;
				CLANG_WARN_UNREACHABLE_CODE = YES;
				CLANG_WARN__DUPLICATE_METHOD_MATCH = YES;
				COPY_PHASE_STRIP = NO;
				DEBUG_INFORMATION_FORMAT = "dwarf-with-dsym";
				ENABLE_NS_ASSERTIONS = NO;
				ENABLE_STRICT_OBJC_MSGSEND = YES;
				GCC_C_LANGUAGE_STANDARD = gnu11;
				GCC_NO_COMMON_BLOCKS = YES;
				GCC_WARN_64_TO_32_BIT_CONVERSION = YES;
				GCC_WARN_ABOUT_RETURN_TYPE = YES_ERROR;
				GCC_WARN_UNDECLARED_SELECTOR = YES;
				GCC_WARN_UNINITIALIZED_AUTOS = YES_AGGRESSIVE;
				GCC_WARN_UNUSED_FUNCTION = YES;
				GCC_WARN_UNUSED_VARIABLE = YES;
				IPHONEOS_DEPLOYMENT_TARGET = 14.2;
				MTL_ENABLE_DEBUG_INFO = NO;
				MTL_FAST_MATH = YES;
				SDKROOT = iphoneos;
				SWIFT_COMPILATION_MODE = wholemodule;
				SWIFT_OPTIMIZATION_LEVEL = "-O";
				VALIDATE_PRODUCT = YES;
			};
			name = Release;
		};
		7D4F9CD1255EE69600DD7758 /* Debug */ = {
			isa = XCBuildConfiguration;
			buildSettings = {
				ASSETCATALOG_COMPILER_APPICON_NAME = AppIcon;
				ASSETCATALOG_COMPILER_GLOBAL_ACCENT_COLOR_NAME = AccentColor;
				CODE_SIGN_STYLE = Automatic;
				INFOPLIST_FILE = "To Do/Info.plist";
				LD_RUNPATH_SEARCH_PATHS = (
					"$(inherited)",
					"@executable_path/Frameworks",
				);
				PRODUCT_BUNDLE_IDENTIFIER = "MCG.To-Do";
				PRODUCT_NAME = "$(TARGET_NAME)";
				SWIFT_VERSION = 5.0;
				TARGETED_DEVICE_FAMILY = "1,2";
			};
			name = Debug;
		};
		7D4F9CD2255EE69600DD7758 /* Release */ = {
			isa = XCBuildConfiguration;
			buildSettings = {
				ASSETCATALOG_COMPILER_APPICON_NAME = AppIcon;
				ASSETCATALOG_COMPILER_GLOBAL_ACCENT_COLOR_NAME = AccentColor;
				CODE_SIGN_STYLE = Automatic;
				INFOPLIST_FILE = "To Do/Info.plist";
				LD_RUNPATH_SEARCH_PATHS = (
					"$(inherited)",
					"@executable_path/Frameworks",
				);
				PRODUCT_BUNDLE_IDENTIFIER = "MCG.To-Do";
				PRODUCT_NAME = "$(TARGET_NAME)";
				SWIFT_VERSION = 5.0;
				TARGETED_DEVICE_FAMILY = "1,2";
			};
			name = Release;
		};
/* End XCBuildConfiguration section */

/* Begin XCConfigurationList section */
		7D4F9CB7255EE69400DD7758 /* Build configuration list for PBXProject "To Do" */ = {
			isa = XCConfigurationList;
			buildConfigurations = (
				7D4F9CCE255EE69600DD7758 /* Debug */,
				7D4F9CCF255EE69600DD7758 /* Release */,
			);
			defaultConfigurationIsVisible = 0;
			defaultConfigurationName = Release;
		};
		7D4F9CD0255EE69600DD7758 /* Build configuration list for PBXNativeTarget "To Do" */ = {
			isa = XCConfigurationList;
			buildConfigurations = (
				7D4F9CD1255EE69600DD7758 /* Debug */,
				7D4F9CD2255EE69600DD7758 /* Release */,
			);
			defaultConfigurationIsVisible = 0;
			defaultConfigurationName = Release;
		};
/* End XCConfigurationList section */
	};
	rootObject = 7D4F9CB4255EE69400DD7758 /* Project object */;
}
